// !$*UTF8*$!
{
	archiveVersion = 1;
	classes = {
	};
	objectVersion = 46;
	objects = {

/* Begin PBXBuildFile section */
		B654642B1E825E5B005E7231 /* main.m in Sources */ = {isa = PBXBuildFile; fileRef = B654642A1E825E5B005E7231 /* main.m */; };
		B654642E1E825E5B005E7231 /* AppDelegate.m in Sources */ = {isa = PBXBuildFile; fileRef = B654642D1E825E5B005E7231 /* AppDelegate.m */; };
		B65464311E825E5B005E7231 /* ViewController.m in Sources */ = {isa = PBXBuildFile; fileRef = B65464301E825E5B005E7231 /* ViewController.m */; };
		B65464341E825E5B005E7231 /* Main.storyboard in Resources */ = {isa = PBXBuildFile; fileRef = B65464321E825E5B005E7231 /* Main.storyboard */; };
		B65464371E825E5B005E7231 /* MyMoviesGoGoGo.xcdatamodeld in Sources */ = {isa = PBXBuildFile; fileRef = B65464351E825E5B005E7231 /* MyMoviesGoGoGo.xcdatamodeld */; };
		B65464391E825E5B005E7231 /* Assets.xcassets in Resources */ = {isa = PBXBuildFile; fileRef = B65464381E825E5B005E7231 /* Assets.xcassets */; };
		B654643C1E825E5B005E7231 /* LaunchScreen.storyboard in Resources */ = {isa = PBXBuildFile; fileRef = B654643A1E825E5B005E7231 /* LaunchScreen.storyboard */; };
/* End PBXBuildFile section */

/* Begin PBXFileReference section */
		B65464261E825E5B005E7231 /* MyMoviesGoGoGo.app */ = {isa = PBXFileReference; explicitFileType = wrapper.application; includeInIndex = 0; path = MyMoviesGoGoGo.app; sourceTree = BUILT_PRODUCTS_DIR; };
		B654642A1E825E5B005E7231 /* main.m */ = {isa = PBXFileReference; lastKnownFileType = sourcecode.c.objc; path = main.m; sourceTree = "<group>"; };
		B654642C1E825E5B005E7231 /* AppDelegate.h */ = {isa = PBXFileReference; lastKnownFileType = sourcecode.c.h; path = AppDelegate.h; sourceTree = "<group>"; };
		B654642D1E825E5B005E7231 /* AppDelegate.m */ = {isa = PBXFileReference; lastKnownFileType = sourcecode.c.objc; path = AppDelegate.m; sourceTree = "<group>"; };
		B654642F1E825E5B005E7231 /* ViewController.h */ = {isa = PBXFileReference; lastKnownFileType = sourcecode.c.h; path = ViewController.h; sourceTree = "<group>"; };
		B65464301E825E5B005E7231 /* ViewController.m */ = {isa = PBXFileReference; lastKnownFileType = sourcecode.c.objc; path = ViewController.m; sourceTree = "<group>"; };
		B65464331E825E5B005E7231 /* Base */ = {isa = PBXFileReference; lastKnownFileType = file.storyboard; name = Base; path = Base.lproj/Main.storyboard; sourceTree = "<group>"; };
		B65464361E825E5B005E7231 /* MyMoviesGoGoGo.xcdatamodel */ = {isa = PBXFileReference; lastKnownFileType = wrapper.xcdatamodel; path = MyMoviesGoGoGo.xcdatamodel; sourceTree = "<group>"; };
		B65464381E825E5B005E7231 /* Assets.xcassets */ = {isa = PBXFileReference; lastKnownFileType = folder.assetcatalog; path = Assets.xcassets; sourceTree = "<group>"; };
		B654643B1E825E5B005E7231 /* Base */ = {isa = PBXFileReference; lastKnownFileType = file.storyboard; name = Base; path = Base.lproj/LaunchScreen.storyboard; sourceTree = "<group>"; };
		B654643D1E825E5B005E7231 /* Info.plist */ = {isa = PBXFileReference; lastKnownFileType = text.plist.xml; path = Info.plist; sourceTree = "<group>"; };
/* End PBXFileReference section */

/* Begin PBXFrameworksBuildPhase section */
		B65464231E825E5B005E7231 /* Frameworks */ = {
			isa = PBXFrameworksBuildPhase;
			buildActionMask = 2147483647;
			files = (
			);
			runOnlyForDeploymentPostprocessing = 0;
		};
/* End PBXFrameworksBuildPhase section */

/* Begin PBXGroup section */
		B654641D1E825E5B005E7231 = {
			isa = PBXGroup;
			children = (
				B65464281E825E5B005E7231 /* MyMoviesGoGoGo */,
				B65464271E825E5B005E7231 /* Products */,
			);
			sourceTree = "<group>";
		};
		B65464271E825E5B005E7231 /* Products */ = {
			isa = PBXGroup;
			children = (
				B65464261E825E5B005E7231 /* MyMoviesGoGoGo.app */,
			);
			name = Products;
			sourceTree = "<group>";
		};
		B65464281E825E5B005E7231 /* MyMoviesGoGoGo */ = {
			isa = PBXGroup;
			children = (
				B654642C1E825E5B005E7231 /* AppDelegate.h */,
				B654642D1E825E5B005E7231 /* AppDelegate.m */,
				B654642F1E825E5B005E7231 /* ViewController.h */,
				B65464301E825E5B005E7231 /* ViewController.m */,
				B65464321E825E5B005E7231 /* Main.storyboard */,
				B65464381E825E5B005E7231 /* Assets.xcassets */,
				B654643A1E825E5B005E7231 /* LaunchScreen.storyboard */,
				B654643D1E825E5B005E7231 /* Info.plist */,
				B65464351E825E5B005E7231 /* MyMoviesGoGoGo.xcdatamodeld */,
				B65464291E825E5B005E7231 /* Supporting Files */,
			);
			path = MyMoviesGoGoGo;
			sourceTree = "<group>";
		};
		B65464291E825E5B005E7231 /* Supporting Files */ = {
			isa = PBXGroup;
			children = (
				B654642A1E825E5B005E7231 /* main.m */,
			);
			name = "Supporting Files";
			sourceTree = "<group>";
		};
/* End PBXGroup section */

/* Begin PBXNativeTarget section */
		B65464251E825E5B005E7231 /* MyMoviesGoGoGo */ = {
			isa = PBXNativeTarget;
			buildConfigurationList = B65464401E825E5B005E7231 /* Build configuration list for PBXNativeTarget "MyMoviesGoGoGo" */;
			buildPhases = (
				B65464221E825E5B005E7231 /* Sources */,
				B65464231E825E5B005E7231 /* Frameworks */,
				B65464241E825E5B005E7231 /* Resources */,
			);
			buildRules = (
			);
			dependencies = (
			);
			name = MyMoviesGoGoGo;
			productName = MyMoviesGoGoGo;
			productReference = B65464261E825E5B005E7231 /* MyMoviesGoGoGo.app */;
			productType = "com.apple.product-type.application";
		};
/* End PBXNativeTarget section */

/* Begin PBXProject section */
		B654641E1E825E5B005E7231 /* Project object */ = {
			isa = PBXProject;
			attributes = {
				LastUpgradeCheck = 0820;
				ORGANIZATIONNAME = "Victor Qi";
				TargetAttributes = {
					B65464251E825E5B005E7231 = {
						CreatedOnToolsVersion = 8.2.1;
						DevelopmentTeam = YZ2L42YQ8T;
						ProvisioningStyle = Automatic;
					};
				};
			};
			buildConfigurationList = B65464211E825E5B005E7231 /* Build configuration list for PBXProject "MyMoviesGoGoGo" */;
			compatibilityVersion = "Xcode 3.2";
			developmentRegion = English;
			hasScannedForEncodings = 0;
			knownRegions = (
				en,
				Base,
			);
			mainGroup = B654641D1E825E5B005E7231;
			productRefGroup = B65464271E825E5B005E7231 /* Products */;
			projectDirPath = "";
			projectRoot = "";
			targets = (
				B65464251E825E5B005E7231 /* MyMoviesGoGoGo */,
			);
		};
/* End PBXProject section */

/* Begin PBXResourcesBuildPhase section */
		B65464241E825E5B005E7231 /* Resources */ = {
			isa = PBXResourcesBuildPhase;
			buildActionMask = 2147483647;
			files = (
				B654643C1E825E5B005E7231 /* LaunchScreen.storyboard in Resources */,
				B65464391E825E5B005E7231 /* Assets.xcassets in Resources */,
				B65464341E825E5B005E7231 /* Main.storyboard in Resources */,
			);
			runOnlyForDeploymentPostprocessing = 0;
		};
/* End PBXResourcesBuildPhase section */

/* Begin PBXSourcesBuildPhase section */
		B65464221E825E5B005E7231 /* Sources */ = {
			isa = PBXSourcesBuildPhase;
			buildActionMask = 2147483647;
			files = (
				B65464311E825E5B005E7231 /* ViewController.m in Sources */,
				B654642E1E825E5B005E7231 /* AppDelegate.m in Sources */,
				B65464371E825E5B005E7231 /* MyMoviesGoGoGo.xcdatamodeld in Sources */,
				B654642B1E825E5B005E7231 /* main.m in Sources */,
			);
			runOnlyForDeploymentPostprocessing = 0;
		};
/* End PBXSourcesBuildPhase section */

/* Begin PBXVariantGroup section */
		B65464321E825E5B005E7231 /* Main.storyboard */ = {
			isa = PBXVariantGroup;
			children = (
				B65464331E825E5B005E7231 /* Base */,
			);
			name = Main.storyboard;
			sourceTree = "<group>";
		};
		B654643A1E825E5B005E7231 /* LaunchScreen.storyboard */ = {
			isa = PBXVariantGroup;
			children = (
				B654643B1E825E5B005E7231 /* Base */,
			);
			name = LaunchScreen.storyboard;
			sourceTree = "<group>";
		};
/* End PBXVariantGroup section */

/* Begin XCBuildConfiguration section */
		B654643E1E825E5B005E7231 /* Debug */ = {
			isa = XCBuildConfiguration;
			buildSettings = {
				ALWAYS_SEARCH_USER_PATHS = NO;
				CLANG_ANALYZER_NONNULL = YES;
				CLANG_CXX_LANGUAGE_STANDARD = "gnu++0x";
				CLANG_CXX_LIBRARY = "libc++";
				CLANG_ENABLE_MODULES = YES;
				CLANG_ENABLE_OBJC_ARC = YES;
				CLANG_WARN_BOOL_CONVERSION = YES;
				CLANG_WARN_CONSTANT_CONVERSION = YES;
				CLANG_WARN_DIRECT_OBJC_ISA_USAGE = YES_ERROR;
				CLANG_WARN_DOCUMENTATION_COMMENTS = YES;
				CLANG_WARN_EMPTY_BODY = YES;
				CLANG_WARN_ENUM_CONVERSION = YES;
				CLANG_WARN_INFINITE_RECURSION = YES;
				CLANG_WARN_INT_CONVERSION = YES;
				CLANG_WARN_OBJC_ROOT_CLASS = YES_ERROR;
				CLANG_WARN_SUSPICIOUS_MOVE = YES;
				CLANG_WARN_UNREACHABLE_CODE = YES;
				CLANG_WARN__DUPLICATE_METHOD_MATCH = YES;
				"CODE_SIGN_IDENTITY[sdk=iphoneos*]" = "iPhone Developer";
				COPY_PHASE_STRIP = NO;
				DEBUG_INFORMATION_FORMAT = dwarf;
				ENABLE_STRICT_OBJC_MSGSEND = YES;
				ENABLE_TESTABILITY = YES;
				GCC_C_LANGUAGE_STANDARD = gnu99;
				GCC_DYNAMIC_NO_PIC = NO;
				GCC_NO_COMMON_BLOCKS = YES;
				GCC_OPTIMIZATION_LEVEL = 0;
				GCC_PREPROCESSOR_DEFINITIONS = (
					"DEBUG=1",
					"$(inherited)",
				);
				GCC_WARN_64_TO_32_BIT_CONVERSION = YES;
				GCC_WARN_ABOUT_RETURN_TYPE = YES_ERROR;
				GCC_WARN_UNDECLARED_SELECTOR = YES;
				GCC_WARN_UNINITIALIZED_AUTOS = YES_AGGRESSIVE;
				GCC_WARN_UNUSED_FUNCTION = YES;
				GCC_WARN_UNUSED_VARIABLE = YES;
				IPHONEOS_DEPLOYMENT_TARGET = 10.2;
				MTL_ENABLE_DEBUG_INFO = YES;
				ONLY_ACTIVE_ARCH = YES;
				SDKROOT = iphoneos;
			};
			name = Debug;
		};
		B654643F1E825E5B005E7231 /* Release */ = {
			isa = XCBuildConfiguration;
			buildSettings = {
				ALWAYS_SEARCH_USER_PATHS = NO;
				CLANG_ANALYZER_NONNULL = YES;
				CLANG_CXX_LANGUAGE_STANDARD = "gnu++0x";
				CLANG_CXX_LIBRARY = "libc++";
				CLANG_ENABLE_MODULES = YES;
				CLANG_ENABLE_OBJC_ARC = YES;
				CLANG_WARN_BOOL_CONVERSION = YES;
				CLANG_WARN_CONSTANT_CONVERSION = YES;
				CLANG_WARN_DIRECT_OBJC_ISA_USAGE = YES_ERROR;
				CLANG_WARN_DOCUMENTATION_COMMENTS = YES;
				CLANG_WARN_EMPTY_BODY = YES;
				CLANG_WARN_ENUM_CONVERSION = YES;
				CLANG_WARN_INFINITE_RECURSION = YES;
				CLANG_WARN_INT_CONVERSION = YES;
				CLANG_WARN_OBJC_ROOT_CLASS = YES_ERROR;
				CLANG_WARN_SUSPICIOUS_MOVE = YES;
				CLANG_WARN_UNREACHABLE_CODE = YES;
				CLANG_WARN__DUPLICATE_METHOD_MATCH = YES;
				"CODE_SIGN_IDENTITY[sdk=iphoneos*]" = "iPhone Developer";
				COPY_PHASE_STRIP = NO;
				DEBUG_INFORMATION_FORMAT = "dwarf-with-dsym";
				ENABLE_NS_ASSERTIONS = NO;
				ENABLE_STRICT_OBJC_MSGSEND = YES;
				GCC_C_LANGUAGE_STANDARD = gnu99;
				GCC_NO_COMMON_BLOCKS = YES;
				GCC_WARN_64_TO_32_BIT_CONVERSION = YES;
				GCC_WARN_ABOUT_RETURN_TYPE = YES_ERROR;
				GCC_WARN_UNDECLARED_SELECTOR = YES;
				GCC_WARN_UNINITIALIZED_AUTOS = YES_AGGRESSIVE;
				GCC_WARN_UNUSED_FUNCTION = YES;
				GCC_WARN_UNUSED_VARIABLE = YES;
				IPHONEOS_DEPLOYMENT_TARGET = 10.2;
				MTL_ENABLE_DEBUG_INFO = NO;
				SDKROOT = iphoneos;
				VALIDATE_PRODUCT = YES;
			};
			name = Release;
		};
		B65464411E825E5B005E7231 /* Debug */ = {
			isa = XCBuildConfiguration;
			buildSettings = {
				ASSETCATALOG_COMPILER_APPICON_NAME = AppIcon;
				DEVELOPMENT_TEAM = YZ2L42YQ8T;
				INFOPLIST_FILE = MyMoviesGoGoGo/Info.plist;
				LD_RUNPATH_SEARCH_PATHS = "$(inherited) @executable_path/Frameworks";
				PRODUCT_BUNDLE_IDENTIFIER = v.q.MyMoviesGoGoGo;
				PRODUCT_NAME = "$(TARGET_NAME)";
			};
			name = Debug;
		};
		B65464421E825E5B005E7231 /* Release */ = {
			isa = XCBuildConfiguration;
			buildSettings = {
				ASSETCATALOG_COMPILER_APPICON_NAME = AppIcon;
				DEVELOPMENT_TEAM = YZ2L42YQ8T;
				INFOPLIST_FILE = MyMoviesGoGoGo/Info.plist;
				LD_RUNPATH_SEARCH_PATHS = "$(inherited) @executable_path/Frameworks";
				PRODUCT_BUNDLE_IDENTIFIER = v.q.MyMoviesGoGoGo;
				PRODUCT_NAME = "$(TARGET_NAME)";
			};
			name = Release;
		};
/* End XCBuildConfiguration section */

/* Begin XCConfigurationList section */
		B65464211E825E5B005E7231 /* Build configuration list for PBXProject "MyMoviesGoGoGo" */ = {
			isa = XCConfigurationList;
			buildConfigurations = (
				B654643E1E825E5B005E7231 /* Debug */,
				B654643F1E825E5B005E7231 /* Release */,
			);
			defaultConfigurationIsVisible = 0;
			defaultConfigurationName = Release;
		};
		B65464401E825E5B005E7231 /* Build configuration list for PBXNativeTarget "MyMoviesGoGoGo" */ = {
			isa = XCConfigurationList;
			buildConfigurations = (
				B65464411E825E5B005E7231 /* Debug */,
				B65464421E825E5B005E7231 /* Release */,
			);
			defaultConfigurationIsVisible = 0;
		};
/* End XCConfigurationList section */

/* Begin XCVersionGroup section */
		B65464351E825E5B005E7231 /* MyMoviesGoGoGo.xcdatamodeld */ = {
			isa = XCVersionGroup;
			children = (
				B65464361E825E5B005E7231 /* MyMoviesGoGoGo.xcdatamodel */,
			);
			currentVersion = B65464361E825E5B005E7231 /* MyMoviesGoGoGo.xcdatamodel */;
			path = MyMoviesGoGoGo.xcdatamodeld;
			sourceTree = "<group>";
			versionGroupType = wrapper.xcdatamodel;
		};
/* End XCVersionGroup section */
	};
	rootObject = B654641E1E825E5B005E7231 /* Project object */;
}
